
Microsoft Visual Studio Solution File, Format Version 12.00
# Visual Studio Version 17
VisualStudioVersion = 17.13.35919.96 d17.13
MinimumVisualStudioVersion = 10.0.40219.1
Project("{FAE04EC0-301F-11D3-BF4B-00C04F79EFBC}") = "TODO", "TODO.csproj", "{6BF36CEC-8422-4F9D-B8B4-AEEFF48E1A73}"
EndProject
Global
	GlobalSection(SolutionConfigurationPlatforms) = preSolution
		Debug|Any CPU = Debug|Any CPU
		Release|Any CPU = Release|Any CPU
	EndGlobalSection
	GlobalSection(ProjectConfigurationPlatforms) = postSolution
		{6BF36CEC-8422-4F9D-B8B4-AEEFF48E1A73}.Debug|Any CPU.ActiveCfg = Debug|Any CPU
		{6BF36CEC-8422-4F9D-B8B4-AEEFF48E1A73}.Debug|Any CPU.Build.0 = Debug|Any CPU
		{6BF36CEC-8422-4F9D-B8B4-AEEFF48E1A73}.Release|Any CPU.ActiveCfg = Release|Any CPU
		{6BF36CEC-8422-4F9D-B8B4-AEEFF48E1A73}.Release|Any CPU.Build.0 = Release|Any CPU
	EndGlobalSection
	GlobalSection(SolutionProperties) = preSolution
		HideSolutionNode = FALSE
	EndGlobalSection
	GlobalSection(ExtensibilityGlobals) = postSolution
		SolutionGuid = {A2C0F9E5-B8A1-4D2F-8508-F8100038C075}
	EndGlobalSection
EndGlobal
